<?xml version="1.0" encoding="UTF-8"?>
<Project ToolsVersion="15.0" xmlns="http://schemas.microsoft.com/developer/msbuild/2003">
  <ItemGroup>
    <CustomBuild Include="C:\Users\ryank\Documents\GitHub\prj-2016104142\CMakeFiles\98ac295199d7d42360b27ec5a1a90023\generate.stamp.rule">
      <Filter>CMake Rules</Filter>
    </CustomBuild>
  </ItemGroup>
  <ItemGroup>
    <Filter Include="CMake Rules">
      <UniqueIdentifier>{E4023468-1C67-3F6D-8CFF-AE73644B5F34}</UniqueIdentifier>
    </Filter>
  </ItemGroup>
</Project>
